
Microsoft Visual Studio Solution File, Format Version 12.00
# Visual Studio Version 17
VisualStudioVersion = 17.0.32112.339
MinimumVisualStudioVersion = 10.0.40219.1
Project("{9A19103F-16F7-4668-BE54-9A1E7A4F7556}") = "HAMK_Olio-ohjelmointi_Ensimmaiset_tehtavat", "HAMK_Olio-ohjelmointi_Ensimmaiset_tehtavat.csproj", "{BF13EEB2-2A8A-43E8-A78F-2442A1EF9262}"
EndProject
Project("{9A19103F-16F7-4668-BE54-9A1E7A4F7556}") = "HAMK_Olio-ohjelmointi_Ensimmaiset_tehtavat_2", "..\HAMK_Olio-ohjelmointi_Ensimmaiset_tehtavat_2\HAMK_Olio-ohjelmointi_Ensimmaiset_tehtavat_2.csproj", "{7FB3FC1C-08B5-4289-B8B2-65A86F4F5491}"
EndProject
Global
	GlobalSection(SolutionConfigurationPlatforms) = preSolution
		Debug|Any CPU = Debug|Any CPU
		Release|Any CPU = Release|Any CPU
	EndGlobalSection
	GlobalSection(ProjectConfigurationPlatforms) = postSolution
		{BF13EEB2-2A8A-43E8-A78F-2442A1EF9262}.Debug|Any CPU.ActiveCfg = Debug|Any CPU
		{BF13EEB2-2A8A-43E8-A78F-2442A1EF9262}.Debug|Any CPU.Build.0 = Debug|Any CPU
		{BF13EEB2-2A8A-43E8-A78F-2442A1EF9262}.Release|Any CPU.ActiveCfg = Release|Any CPU
		{BF13EEB2-2A8A-43E8-A78F-2442A1EF9262}.Release|Any CPU.Build.0 = Release|Any CPU
		{7FB3FC1C-08B5-4289-B8B2-65A86F4F5491}.Debug|Any CPU.ActiveCfg = Debug|Any CPU
		{7FB3FC1C-08B5-4289-B8B2-65A86F4F5491}.Debug|Any CPU.Build.0 = Debug|Any CPU
		{7FB3FC1C-08B5-4289-B8B2-65A86F4F5491}.Release|Any CPU.ActiveCfg = Release|Any CPU
		{7FB3FC1C-08B5-4289-B8B2-65A86F4F5491}.Release|Any CPU.Build.0 = Release|Any CPU
	EndGlobalSection
	GlobalSection(SolutionProperties) = preSolution
		HideSolutionNode = FALSE
	EndGlobalSection
	GlobalSection(ExtensibilityGlobals) = postSolution
		SolutionGuid = {464646E8-EB65-4E39-8E85-E14A977D2B69}
	EndGlobalSection
EndGlobal
